
Microsoft Visual Studio Solution File, Format Version 12.00
# Visual Studio Version 16
VisualStudioVersion = 16.0.31229.75
MinimumVisualStudioVersion = 10.0.40219.1
Project("{FAE04EC0-301F-11D3-BF4B-00C04F79EFBC}") = "Lab12Question2", "Lab12Question2\Lab12Question2.csproj", "{C4EB6C07-A2A7-486E-8925-FB53CD53A815}"
EndProject
Global
	GlobalSection(SolutionConfigurationPlatforms) = preSolution
		Debug|Any CPU = Debug|Any CPU
		Release|Any CPU = Release|Any CPU
	EndGlobalSection
	GlobalSection(ProjectConfigurationPlatforms) = postSolution
		{C4EB6C07-A2A7-486E-8925-FB53CD53A815}.Debug|Any CPU.ActiveCfg = Debug|Any CPU
		{C4EB6C07-A2A7-486E-8925-FB53CD53A815}.Debug|Any CPU.Build.0 = Debug|Any CPU
		{C4EB6C07-A2A7-486E-8925-FB53CD53A815}.Release|Any CPU.ActiveCfg = Release|Any CPU
		{C4EB6C07-A2A7-486E-8925-FB53CD53A815}.Release|Any CPU.Build.0 = Release|Any CPU
	EndGlobalSection
	GlobalSection(SolutionProperties) = preSolution
		HideSolutionNode = FALSE
	EndGlobalSection
	GlobalSection(ExtensibilityGlobals) = postSolution
		SolutionGuid = {5A49789F-FDDA-44FA-B887-101B1C25ABF0}
	EndGlobalSection
EndGlobal
