
Microsoft Visual Studio Solution File, Format Version 12.00
# Visual Studio Version 16
VisualStudioVersion = 16.0.31229.75
MinimumVisualStudioVersion = 10.0.40219.1
Project("{FAE04EC0-301F-11D3-BF4B-00C04F79EFBC}") = "Lab3Question3CarInventory", "Lab3Question3CarInventory\Lab3Question3CarInventory.csproj", "{83B8AAE0-328E-44E8-8A2D-76B952381005}"
EndProject
Global
	GlobalSection(SolutionConfigurationPlatforms) = preSolution
		Debug|Any CPU = Debug|Any CPU
		Release|Any CPU = Release|Any CPU
	EndGlobalSection
	GlobalSection(ProjectConfigurationPlatforms) = postSolution
		{83B8AAE0-328E-44E8-8A2D-76B952381005}.Debug|Any CPU.ActiveCfg = Debug|Any CPU
		{83B8AAE0-328E-44E8-8A2D-76B952381005}.Debug|Any CPU.Build.0 = Debug|Any CPU
		{83B8AAE0-328E-44E8-8A2D-76B952381005}.Release|Any CPU.ActiveCfg = Release|Any CPU
		{83B8AAE0-328E-44E8-8A2D-76B952381005}.Release|Any CPU.Build.0 = Release|Any CPU
	EndGlobalSection
	GlobalSection(SolutionProperties) = preSolution
		HideSolutionNode = FALSE
	EndGlobalSection
	GlobalSection(ExtensibilityGlobals) = postSolution
		SolutionGuid = {D8735ABC-0EB6-4997-B733-73213D6085BF}
	EndGlobalSection
EndGlobal
