
Microsoft Visual Studio Solution File, Format Version 12.00
# Visual Studio Version 16
VisualStudioVersion = 16.0.31229.75
MinimumVisualStudioVersion = 10.0.40219.1
Project("{FAE04EC0-301F-11D3-BF4B-00C04F79EFBC}") = "Lab12Question1", "Lab12Question1\Lab12Question1.csproj", "{B61EAF3E-B776-4EB9-A54B-E3640A95FE72}"
EndProject
Global
	GlobalSection(SolutionConfigurationPlatforms) = preSolution
		Debug|Any CPU = Debug|Any CPU
		Release|Any CPU = Release|Any CPU
	EndGlobalSection
	GlobalSection(ProjectConfigurationPlatforms) = postSolution
		{B61EAF3E-B776-4EB9-A54B-E3640A95FE72}.Debug|Any CPU.ActiveCfg = Debug|Any CPU
		{B61EAF3E-B776-4EB9-A54B-E3640A95FE72}.Debug|Any CPU.Build.0 = Debug|Any CPU
		{B61EAF3E-B776-4EB9-A54B-E3640A95FE72}.Release|Any CPU.ActiveCfg = Release|Any CPU
		{B61EAF3E-B776-4EB9-A54B-E3640A95FE72}.Release|Any CPU.Build.0 = Release|Any CPU
	EndGlobalSection
	GlobalSection(SolutionProperties) = preSolution
		HideSolutionNode = FALSE
	EndGlobalSection
	GlobalSection(ExtensibilityGlobals) = postSolution
		SolutionGuid = {2E576C9E-B26E-41B1-B3E0-E14EFF99BAC0}
	EndGlobalSection
EndGlobal
