
Microsoft Visual Studio Solution File, Format Version 12.00
# Visual Studio Version 16
VisualStudioVersion = 16.0.31229.75
MinimumVisualStudioVersion = 10.0.40219.1
Project("{FAE04EC0-301F-11D3-BF4B-00C04F79EFBC}") = "Question1Lab1a", "Question1Lab1a\Question1Lab1a.csproj", "{83B16772-238E-41ED-AC72-A6BABBB33B4F}"
EndProject
Global
	GlobalSection(SolutionConfigurationPlatforms) = preSolution
		Debug|Any CPU = Debug|Any CPU
		Release|Any CPU = Release|Any CPU
	EndGlobalSection
	GlobalSection(ProjectConfigurationPlatforms) = postSolution
		{83B16772-238E-41ED-AC72-A6BABBB33B4F}.Debug|Any CPU.ActiveCfg = Debug|Any CPU
		{83B16772-238E-41ED-AC72-A6BABBB33B4F}.Debug|Any CPU.Build.0 = Debug|Any CPU
		{83B16772-238E-41ED-AC72-A6BABBB33B4F}.Release|Any CPU.ActiveCfg = Release|Any CPU
		{83B16772-238E-41ED-AC72-A6BABBB33B4F}.Release|Any CPU.Build.0 = Release|Any CPU
	EndGlobalSection
	GlobalSection(SolutionProperties) = preSolution
		HideSolutionNode = FALSE
	EndGlobalSection
	GlobalSection(ExtensibilityGlobals) = postSolution
		SolutionGuid = {EEF8C4AA-9755-4B26-BD93-F38130CC1C79}
	EndGlobalSection
EndGlobal
