
Microsoft Visual Studio Solution File, Format Version 12.00
# Visual Studio Version 16
VisualStudioVersion = 16.0.31229.75
MinimumVisualStudioVersion = 10.0.40219.1
Project("{FAE04EC0-301F-11D3-BF4B-00C04F79EFBC}") = "GuestPhoneBook.PresentationLayer", "GuestPhoneBookLab14\GuestPhoneBook.PresentationLayer.csproj", "{2BAC2766-F760-41AA-9DAA-78F0A3B6A8D4}"
EndProject
Project("{FAE04EC0-301F-11D3-BF4B-00C04F79EFBC}") = "GuestPhoneBook.Exceptions", "GuestPhoneBook.Exceptions\GuestPhoneBook.Exceptions.csproj", "{66EFB4C9-EE83-4FEF-9698-27DF3A7F9F71}"
EndProject
Project("{FAE04EC0-301F-11D3-BF4B-00C04F79EFBC}") = "GuestPhoneBook.Entities", "GuestPhoneBook.Entities\GuestPhoneBook.Entities.csproj", "{65E05322-2526-4E12-8AED-A9106D1CC037}"
EndProject
Project("{FAE04EC0-301F-11D3-BF4B-00C04F79EFBC}") = "GuestPhoneBook.DataAccessLayer", "GuestPhoneBook.DataAccessLayer\GuestPhoneBook.DataAccessLayer.csproj", "{90B5373B-2F49-48B4-9B31-28E1B19051F3}"
EndProject
Project("{FAE04EC0-301F-11D3-BF4B-00C04F79EFBC}") = "GuestPhoneBook.BusinessLayer", "GuestPhoneBook.BusinessLayer\GuestPhoneBook.BusinessLayer.csproj", "{2FAC6CBA-ED1A-4B09-A0B8-877DF5DC8788}"
EndProject
Global
	GlobalSection(SolutionConfigurationPlatforms) = preSolution
		Debug|Any CPU = Debug|Any CPU
		Release|Any CPU = Release|Any CPU
	EndGlobalSection
	GlobalSection(ProjectConfigurationPlatforms) = postSolution
		{2BAC2766-F760-41AA-9DAA-78F0A3B6A8D4}.Debug|Any CPU.ActiveCfg = Debug|Any CPU
		{2BAC2766-F760-41AA-9DAA-78F0A3B6A8D4}.Debug|Any CPU.Build.0 = Debug|Any CPU
		{2BAC2766-F760-41AA-9DAA-78F0A3B6A8D4}.Release|Any CPU.ActiveCfg = Release|Any CPU
		{2BAC2766-F760-41AA-9DAA-78F0A3B6A8D4}.Release|Any CPU.Build.0 = Release|Any CPU
		{66EFB4C9-EE83-4FEF-9698-27DF3A7F9F71}.Debug|Any CPU.ActiveCfg = Debug|Any CPU
		{66EFB4C9-EE83-4FEF-9698-27DF3A7F9F71}.Debug|Any CPU.Build.0 = Debug|Any CPU
		{66EFB4C9-EE83-4FEF-9698-27DF3A7F9F71}.Release|Any CPU.ActiveCfg = Release|Any CPU
		{66EFB4C9-EE83-4FEF-9698-27DF3A7F9F71}.Release|Any CPU.Build.0 = Release|Any CPU
		{65E05322-2526-4E12-8AED-A9106D1CC037}.Debug|Any CPU.ActiveCfg = Debug|Any CPU
		{65E05322-2526-4E12-8AED-A9106D1CC037}.Debug|Any CPU.Build.0 = Debug|Any CPU
		{65E05322-2526-4E12-8AED-A9106D1CC037}.Release|Any CPU.ActiveCfg = Release|Any CPU
		{65E05322-2526-4E12-8AED-A9106D1CC037}.Release|Any CPU.Build.0 = Release|Any CPU
		{90B5373B-2F49-48B4-9B31-28E1B19051F3}.Debug|Any CPU.ActiveCfg = Debug|Any CPU
		{90B5373B-2F49-48B4-9B31-28E1B19051F3}.Debug|Any CPU.Build.0 = Debug|Any CPU
		{90B5373B-2F49-48B4-9B31-28E1B19051F3}.Release|Any CPU.ActiveCfg = Release|Any CPU
		{90B5373B-2F49-48B4-9B31-28E1B19051F3}.Release|Any CPU.Build.0 = Release|Any CPU
		{2FAC6CBA-ED1A-4B09-A0B8-877DF5DC8788}.Debug|Any CPU.ActiveCfg = Debug|Any CPU
		{2FAC6CBA-ED1A-4B09-A0B8-877DF5DC8788}.Debug|Any CPU.Build.0 = Debug|Any CPU
		{2FAC6CBA-ED1A-4B09-A0B8-877DF5DC8788}.Release|Any CPU.ActiveCfg = Release|Any CPU
		{2FAC6CBA-ED1A-4B09-A0B8-877DF5DC8788}.Release|Any CPU.Build.0 = Release|Any CPU
	EndGlobalSection
	GlobalSection(SolutionProperties) = preSolution
		HideSolutionNode = FALSE
	EndGlobalSection
	GlobalSection(ExtensibilityGlobals) = postSolution
		SolutionGuid = {9A5FABF5-6085-49C5-928C-E1AEB843EEE9}
	EndGlobalSection
EndGlobal
