
Microsoft Visual Studio Solution File, Format Version 12.00
# Visual Studio Version 16
VisualStudioVersion = 16.0.31229.75
MinimumVisualStudioVersion = 10.0.40219.1
Project("{FAE04EC0-301F-11D3-BF4B-00C04F79EFBC}") = "Lab1Question4", "Lab1Question4.csproj", "{84CC5EE8-0AB2-4EF0-8798-963377439093}"
EndProject
Global
	GlobalSection(SolutionConfigurationPlatforms) = preSolution
		Debug|Any CPU = Debug|Any CPU
		Release|Any CPU = Release|Any CPU
	EndGlobalSection
	GlobalSection(ProjectConfigurationPlatforms) = postSolution
		{84CC5EE8-0AB2-4EF0-8798-963377439093}.Debug|Any CPU.ActiveCfg = Debug|Any CPU
		{84CC5EE8-0AB2-4EF0-8798-963377439093}.Debug|Any CPU.Build.0 = Debug|Any CPU
		{84CC5EE8-0AB2-4EF0-8798-963377439093}.Release|Any CPU.ActiveCfg = Release|Any CPU
		{84CC5EE8-0AB2-4EF0-8798-963377439093}.Release|Any CPU.Build.0 = Release|Any CPU
	EndGlobalSection
	GlobalSection(SolutionProperties) = preSolution
		HideSolutionNode = FALSE
	EndGlobalSection
	GlobalSection(ExtensibilityGlobals) = postSolution
		SolutionGuid = {9B571FF3-B001-46C3-BDA2-7EB84C2B12C0}
	EndGlobalSection
EndGlobal
